
Microsoft Visual Studio Solution File, Format Version 12.00
# Visual Studio 15
Project("{FAE04EC0-301F-11D3-BF4B-00C04F79EFBC}") = "QuizGame", "QuizGame.csproj", "{D32AE022-3F30-4E58-9725-1951D5D8F54C}"
EndProject
Global
	GlobalSection(SolutionConfigurationPlatforms) = preSolution
		Debug|Any CPU = Debug|Any CPU
		Release|Any CPU = Release|Any CPU
	EndGlobalSection
	GlobalSection(ProjectConfigurationPlatforms) = postSolution
		{D32AE022-3F30-4E58-9725-1951D5D8F54C}.Debug|Any CPU.ActiveCfg = Debug|Any CPU
		{D32AE022-3F30-4E58-9725-1951D5D8F54C}.Debug|Any CPU.Build.0 = Debug|Any CPU
		{D32AE022-3F30-4E58-9725-1951D5D8F54C}.Release|Any CPU.ActiveCfg = Release|Any CPU
		{D32AE022-3F30-4E58-9725-1951D5D8F54C}.Release|Any CPU.Build.0 = Release|Any CPU
	EndGlobalSection
EndGlobal
